
Microsoft Visual Studio Solution File, Format Version 12.00
# Visual Studio Version 16
VisualStudioVersion = 16.0.29230.47
MinimumVisualStudioVersion = 10.0.40219.1
Project("{FAE04EC0-301F-11D3-BF4B-00C04F79EFBC}") = "KendoGrid", "WebApplication1\KendoGrid.csproj", "{CA961922-CFFE-47BD-B135-DF81FEDEFCC5}"
EndProject
Global
	GlobalSection(SolutionConfigurationPlatforms) = preSolution
		Debug|Any CPU = Debug|Any CPU
		Release|Any CPU = Release|Any CPU
	EndGlobalSection
	GlobalSection(ProjectConfigurationPlatforms) = postSolution
		{CA961922-CFFE-47BD-B135-DF81FEDEFCC5}.Debug|Any CPU.ActiveCfg = Debug|Any CPU
		{CA961922-CFFE-47BD-B135-DF81FEDEFCC5}.Debug|Any CPU.Build.0 = Debug|Any CPU
		{CA961922-CFFE-47BD-B135-DF81FEDEFCC5}.Release|Any CPU.ActiveCfg = Release|Any CPU
		{CA961922-CFFE-47BD-B135-DF81FEDEFCC5}.Release|Any CPU.Build.0 = Release|Any CPU
	EndGlobalSection
	GlobalSection(SolutionProperties) = preSolution
		HideSolutionNode = FALSE
	EndGlobalSection
	GlobalSection(ExtensibilityGlobals) = postSolution
		SolutionGuid = {6E8D0136-8E9D-44DE-98F3-FD6E29B93BD4}
	EndGlobalSection
EndGlobal
